
Microsoft Visual Studio Solution File, Format Version 12.00
# Visual Studio Version 16
VisualStudioVersion = 16.0.30804.86
MinimumVisualStudioVersion = 10.0.40219.1
Project("{FAE04EC0-301F-11D3-BF4B-00C04F79EFBC}") = "A2-Group19-WPF", "A2-Group19-WPF\A2-Group19-WPF.csproj", "{848ED647-1CE9-41A9-AF9C-F9C553C4FD5F}"
EndProject
Global
	GlobalSection(SolutionConfigurationPlatforms) = preSolution
		Debug|Any CPU = Debug|Any CPU
		Release|Any CPU = Release|Any CPU
	EndGlobalSection
	GlobalSection(ProjectConfigurationPlatforms) = postSolution
		{848ED647-1CE9-41A9-AF9C-F9C553C4FD5F}.Debug|Any CPU.ActiveCfg = Debug|Any CPU
		{848ED647-1CE9-41A9-AF9C-F9C553C4FD5F}.Debug|Any CPU.Build.0 = Debug|Any CPU
		{848ED647-1CE9-41A9-AF9C-F9C553C4FD5F}.Release|Any CPU.ActiveCfg = Release|Any CPU
		{848ED647-1CE9-41A9-AF9C-F9C553C4FD5F}.Release|Any CPU.Build.0 = Release|Any CPU
	EndGlobalSection
	GlobalSection(SolutionProperties) = preSolution
		HideSolutionNode = FALSE
	EndGlobalSection
	GlobalSection(ExtensibilityGlobals) = postSolution
		SolutionGuid = {24305CCD-35FF-454D-9D4B-441B52B04AE8}
	EndGlobalSection
EndGlobal
